{
  "version": 4,
  "terraform_version": "0.14.9",
  "serial": 1218,
  "lineage": "0f014324-12f2-de3b-eea8-38bf65255277",
  "outputs": {
    "load_balancer_ip_address": {
      "value": "34.117.15.44",
      "type": "string"
    }
  },
  "resources": [
    {
      "mode": "data",
      "type": "template_file",
      "name": "metadata_startup_lb",
      "provider": "provider[\"registry.terraform.io/hashicorp/template\"]",
      "instances": [
        {
          "schema_version": 0,
          "attributes": {
            "filename": null,
            "id": "3fe346227c85f9f70b60ec0709309b3d01d5efd7eb35c87b82ca080966a341ae",
            "rendered": "#! /bin/bash\napt-get update\napt-get install apache2 -y\na2ensite default-ssl\na2enmod ssl\nvm_hostname=\"$(curl -H \"Metadata-Flavor:Google\" \\\nhttp://169.254.169.254/computeMetadata/v1/instance/name)\"\necho \"Page served from: $vm_hostname\" | \\\ntee /var/www/html/index.html",
            "template": "#! /bin/bash\napt-get update\napt-get install apache2 -y\na2ensite default-ssl\na2enmod ssl\nvm_hostname=\"$(curl -H \"Metadata-Flavor:Google\" \\\nhttp://169.254.169.254/computeMetadata/v1/instance/name)\"\necho \"Page served from: $vm_hostname\" | \\\ntee /var/www/html/index.html",
            "vars": null
          },
          "sensitive_attributes": []
        }
      ]
    },
    {
      "mode": "data",
      "type": "template_file",
      "name": "metadata_startup_script_prod",
      "provider": "provider[\"registry.terraform.io/hashicorp/template\"]",
      "instances": [
        {
          "schema_version": 0,
          "attributes": {
            "filename": null,
            "id": "0c8dd7874f65056d4d3a511f2642338565fec675134425466b546c62572f1900",
            "rendered": "#!/bin/bash\n# This is used as the startup script by the Google compute unit\n# And will start an nginx container as an example\n\nmkdir -p /www/prod\n\n",
            "template": "#!/bin/bash\n# This is used as the startup script by the Google compute unit\n# And will start an nginx container as an example\n\nmkdir -p /www/prod\n\n",
            "vars": null
          },
          "sensitive_attributes": []
        }
      ]
    },
    {
      "mode": "data",
      "type": "template_file",
      "name": "metadata_startup_script_staging",
      "provider": "provider[\"registry.terraform.io/hashicorp/template\"]",
      "instances": [
        {
          "schema_version": 0,
          "attributes": {
            "filename": null,
            "id": "b625975b64a3d21dd813b2065bf6c975cd9ec6c0bd0159dba08985fbd186fc69",
            "rendered": "#!/bin/bash\n# This is used as the startup script by the Google compute unit\n# And will start an nginx container as an example\n\n# DEPLOYMENT\nmkdir -p /www/staging\nchmod 777 /www/staging\n\n# NGINX\nsudo yum install nginx\n",
            "template": "#!/bin/bash\n# This is used as the startup script by the Google compute unit\n# And will start an nginx container as an example\n\n# DEPLOYMENT\nmkdir -p /www/staging\nchmod 777 /www/staging\n\n# NGINX\nsudo yum install nginx\n",
            "vars": null
          },
          "sensitive_attributes": []
        }
      ]
    },
    {
      "mode": "managed",
      "type": "google_compute_address",
      "name": "ip_address_prod",
      "provider": "provider[\"registry.terraform.io/hashicorp/google\"]",
      "instances": [
        {
          "schema_version": 0,
          "attributes": {
            "address": "35.242.189.65",
            "address_type": "EXTERNAL",
            "creation_timestamp": "2021-04-06T12:41:10.790-07:00",
            "description": "",
            "id": "projects/ci-cd-module/regions/europe-west2/addresses/ipv4-address-prod",
            "name": "ipv4-address-prod",
            "network_tier": "PREMIUM",
            "project": "ci-cd-module",
            "purpose": "",
            "region": "europe-west2",
            "self_link": "https://www.googleapis.com/compute/v1/projects/ci-cd-module/regions/europe-west2/addresses/ipv4-address-prod",
            "subnetwork": "",
            "timeouts": null,
            "users": []
          },
          "sensitive_attributes": [],
          "private": "eyJlMmJmYjczMC1lY2FhLTExZTYtOGY4OC0zNDM2M2JjN2M0YzAiOnsiY3JlYXRlIjoyNDAwMDAwMDAwMDAsImRlbGV0ZSI6MjQwMDAwMDAwMDAwfX0="
        }
      ]
    },
    {
      "mode": "managed",
      "type": "google_compute_address",
      "name": "ip_address_staging",
      "provider": "provider[\"registry.terraform.io/hashicorp/google\"]",
      "instances": [
        {
          "schema_version": 0,
          "attributes": {
            "address": "34.105.157.230",
            "address_type": "EXTERNAL",
            "creation_timestamp": "2021-04-06T12:41:12.006-07:00",
            "description": "",
            "id": "projects/ci-cd-module/regions/europe-west2/addresses/ipv4-address-staging",
            "name": "ipv4-address-staging",
            "network_tier": "PREMIUM",
            "project": "ci-cd-module",
            "purpose": "",
            "region": "europe-west2",
            "self_link": "https://www.googleapis.com/compute/v1/projects/ci-cd-module/regions/europe-west2/addresses/ipv4-address-staging",
            "subnetwork": "",
            "timeouts": null,
            "users": []
          },
          "sensitive_attributes": [],
          "private": "eyJlMmJmYjczMC1lY2FhLTExZTYtOGY4OC0zNDM2M2JjN2M0YzAiOnsiY3JlYXRlIjoyNDAwMDAwMDAwMDAsImRlbGV0ZSI6MjQwMDAwMDAwMDAwfX0="
        }
      ]
    },
    {
      "mode": "managed",
      "type": "google_compute_backend_service",
      "name": "default",
      "provider": "provider[\"registry.terraform.io/hashicorp/google\"]",
      "instances": [
        {
          "schema_version": 1,
          "attributes": {
            "affinity_cookie_ttl_sec": 0,
            "backend": [],
            "cdn_policy": [],
            "circuit_breakers": [],
            "connection_draining_timeout_sec": 300,
            "consistent_hash": [],
            "creation_timestamp": "2021-04-06T12:41:22.624-07:00",
            "custom_request_headers": null,
            "description": "",
            "enable_cdn": false,
            "fingerprint": "Pd6y3MOr6PA=",
            "health_checks": [
              "projects/ci-cd-module/global/httpHealthChecks/http-health-check"
            ],
            "iap": [],
            "id": "projects/ci-cd-module/global/backendServices/backend-service",
            "load_balancing_scheme": "EXTERNAL",
            "locality_lb_policy": "",
            "log_config": [],
            "name": "backend-service",
            "outlier_detection": [],
            "port_name": "http",
            "project": "ci-cd-module",
            "protocol": "HTTP",
            "security_policy": "",
            "self_link": "https://www.googleapis.com/compute/v1/projects/ci-cd-module/global/backendServices/backend-service",
            "session_affinity": "NONE",
            "timeout_sec": 10,
            "timeouts": null
          },
          "sensitive_attributes": [],
          "private": "eyJlMmJmYjczMC1lY2FhLTExZTYtOGY4OC0zNDM2M2JjN2M0YzAiOnsiY3JlYXRlIjoyNDAwMDAwMDAwMDAsImRlbGV0ZSI6MjQwMDAwMDAwMDAwLCJ1cGRhdGUiOjI0MDAwMDAwMDAwMH0sInNjaGVtYV92ZXJzaW9uIjoiMSJ9",
          "dependencies": [
            "google_compute_http_health_check.default"
          ]
        }
      ]
    },
    {
      "mode": "managed",
      "type": "google_compute_firewall",
      "name": "firewall",
      "provider": "provider[\"registry.terraform.io/hashicorp/google\"]",
      "instances": [
        {
          "schema_version": 1,
          "attributes": {
            "allow": [
              {
                "ports": [
                  "80",
                  "8080",
                  "8081",
                  "1000-2000"
                ],
                "protocol": "tcp"
              }
            ],
            "creation_timestamp": "2021-04-06T12:41:10.840-07:00",
            "deny": [],
            "description": "",
            "destination_ranges": [],
            "direction": "INGRESS",
            "disabled": false,
            "enable_logging": null,
            "id": "projects/ci-cd-module/global/firewalls/ilb-example-fw",
            "log_config": [],
            "name": "ilb-example-fw",
            "network": "https://www.googleapis.com/compute/v1/projects/ci-cd-module/global/networks/default",
            "priority": 1000,
            "project": "ci-cd-module",
            "self_link": "https://www.googleapis.com/compute/v1/projects/ci-cd-module/global/firewalls/ilb-example-fw",
            "source_ranges": [
              "0.0.0.0/0"
            ],
            "source_service_accounts": null,
            "source_tags": null,
            "target_service_accounts": null,
            "target_tags": [
              "ilb-example"
            ],
            "timeouts": null
          },
          "sensitive_attributes": [],
          "private": "eyJlMmJmYjczMC1lY2FhLTExZTYtOGY4OC0zNDM2M2JjN2M0YzAiOnsiY3JlYXRlIjoyNDAwMDAwMDAwMDAsImRlbGV0ZSI6MjQwMDAwMDAwMDAwLCJ1cGRhdGUiOjI0MDAwMDAwMDAwMH0sInNjaGVtYV92ZXJzaW9uIjoiMSJ9"
        }
      ]
    },
    {
      "mode": "managed",
      "type": "google_compute_firewall",
      "name": "fw_access",
      "provider": "provider[\"registry.terraform.io/hashicorp/google\"]",
      "instances": [
        {
          "schema_version": 1,
          "attributes": {
            "allow": [
              {
                "ports": [
                  "22",
                  "80",
                  "8080",
                  "8090",
                  "8081"
                ],
                "protocol": "tcp"
              },
              {
                "ports": [],
                "protocol": "icmp"
              }
            ],
            "creation_timestamp": "2021-04-06T12:41:22.550-07:00",
            "deny": [],
            "description": "",
            "destination_ranges": [],
            "direction": "INGRESS",
            "disabled": false,
            "enable_logging": null,
            "id": "projects/ci-cd-module/global/firewalls/terraform-firewall",
            "log_config": [],
            "name": "terraform-firewall",
            "network": "https://www.googleapis.com/compute/v1/projects/ci-cd-module/global/networks/terraform-example",
            "priority": 1000,
            "project": "ci-cd-module",
            "self_link": "https://www.googleapis.com/compute/v1/projects/ci-cd-module/global/firewalls/terraform-firewall",
            "source_ranges": [
              "0.0.0.0/0"
            ],
            "source_service_accounts": null,
            "source_tags": null,
            "target_service_accounts": null,
            "target_tags": null,
            "timeouts": null
          },
          "sensitive_attributes": [],
          "private": "eyJlMmJmYjczMC1lY2FhLTExZTYtOGY4OC0zNDM2M2JjN2M0YzAiOnsiY3JlYXRlIjoyNDAwMDAwMDAwMDAsImRlbGV0ZSI6MjQwMDAwMDAwMDAwLCJ1cGRhdGUiOjI0MDAwMDAwMDAwMH0sInNjaGVtYV92ZXJzaW9uIjoiMSJ9",
          "dependencies": [
            "google_compute_network.vpc_network"
          ]
        }
      ]
    },
    {
      "mode": "managed",
      "type": "google_compute_http_health_check",
      "name": "default",
      "provider": "provider[\"registry.terraform.io/hashicorp/google\"]",
      "instances": [
        {
          "schema_version": 0,
          "attributes": {
            "check_interval_sec": 1,
            "creation_timestamp": "2021-04-06T12:41:10.814-07:00",
            "description": "",
            "healthy_threshold": 2,
            "host": "",
            "id": "projects/ci-cd-module/global/httpHealthChecks/http-health-check",
            "name": "http-health-check",
            "port": 80,
            "project": "ci-cd-module",
            "request_path": "/",
            "self_link": "https://www.googleapis.com/compute/v1/projects/ci-cd-module/global/httpHealthChecks/http-health-check",
            "timeout_sec": 1,
            "timeouts": null,
            "unhealthy_threshold": 2
          },
          "sensitive_attributes": [],
          "private": "eyJlMmJmYjczMC1lY2FhLTExZTYtOGY4OC0zNDM2M2JjN2M0YzAiOnsiY3JlYXRlIjoyNDAwMDAwMDAwMDAsImRlbGV0ZSI6MjQwMDAwMDAwMDAwLCJ1cGRhdGUiOjI0MDAwMDAwMDAwMH19"
        }
      ]
    },
    {
      "mode": "managed",
      "type": "google_compute_instance",
      "name": "vm_instance",
      "provider": "provider[\"registry.terraform.io/hashicorp/google\"]",
      "instances": [
        {
          "schema_version": 6,
          "attributes": {
            "allow_stopping_for_update": null,
            "attached_disk": [],
            "boot_disk": [
              {
                "auto_delete": true,
                "device_name": "persistent-disk-0",
                "disk_encryption_key_raw": "",
                "disk_encryption_key_sha256": "",
                "initialize_params": [
                  {
                    "image": "https://www.googleapis.com/compute/v1/projects/ubuntu-os-cloud/global/images/ubuntu-1804-bionic-v20210325",
                    "labels": {},
                    "size": 10,
                    "type": "pd-standard"
                  }
                ],
                "kms_key_self_link": "",
                "mode": "READ_WRITE",
                "source": "https://www.googleapis.com/compute/v1/projects/ci-cd-module/zones/europe-west2-a/disks/staging"
              }
            ],
            "can_ip_forward": false,
            "cpu_platform": "Intel Broadwell",
            "current_status": "RUNNING",
            "deletion_protection": false,
            "description": "",
            "desired_status": null,
            "enable_display": false,
            "guest_accelerator": [],
            "hostname": "",
            "id": "projects/ci-cd-module/zones/europe-west2-a/instances/staging",
            "instance_id": "7802159991644817280",
            "label_fingerprint": "42WmSpB8rSM=",
            "labels": null,
            "machine_type": "n1-standard-1",
            "metadata": {
              "ssh-keys": "tchiquizz:ssh-rsa AAAAB3NzaC1yc2EAAAADAQABAAACAQC++ZB3psGRpXuHgbZGn63myTI3efd/uJnGoE86DAODi05HFECAMmwT9G6bEYIzrUwQcOSr3nJ9so8UoUY8lZPnqaOUGx2dwUOweIZRDmJi9F9EXoApP+21Ii+zyOGaHjHG9KhKMl3uHecoaX/Eknk8KRnkUSoLJbr6xSMbjm9MpWLH3qRi/HInU+RnMgYPA6CumeYZvXlYrKiaNYR5+ZVj9jDTU4bf2DO+4O8hE2/pXfk06+4MWkK7IKDdEcwrA2NLcnQDXNOKlq94UwuYhh/3OAM+EtzcJFy/HomFV+z7EUDrpCjxj5KSbMipsvM+OzEKJX2ukc7OD6DpVJSWe/3kXDMNl2ViS9y9AEIPsMqBsQNrPKP+57IFzg7kKBkvbQ8vdYYnSOOfwUH19aI8s31LiOId5wNOk91CKHBFkI45P8bBiOaD+sdLW2XmBUMIey89mvgUS6Dlli5WCM+wWFbH84JE81SsXhXJ7vGODjdTJsgW8WTAhtt1tNaLX9GPVUKtOj9E+C+IM4WlVTYrSi5mJ6tD3scKfp5NF4cU+PgfnEmga2jSdZLFR0Nhyxv0PvQmMZEEZDfgx8a6egL8YNGJItgJQRVobLzg/AQnskv7G+kA2xrnmo9+5AXOWN6WVuckmMnykrhREKRIaIzVUlnAr5D4GqgHhugqDIeAUPlSaw== gitlab-runner@ubuntu"
            },
            "metadata_fingerprint": "oqk_jDhfUj8=",
            "metadata_startup_script": "#!/bin/bash\n# This is used as the startup script by the Google compute unit\n# And will start an nginx container as an example\n\n# DEPLOYMENT\nmkdir -p /www/staging\nchmod 777 /www/staging\n\n# NGINX\nsudo yum install nginx\n",
            "min_cpu_platform": "",
            "name": "staging",
            "network_interface": [
              {
                "access_config": [
                  {
                    "nat_ip": "34.105.157.230",
                    "network_tier": "PREMIUM",
                    "public_ptr_domain_name": ""
                  }
                ],
                "alias_ip_range": [],
                "name": "nic0",
                "network": "https://www.googleapis.com/compute/v1/projects/ci-cd-module/global/networks/terraform-example",
                "network_ip": "10.222.0.2",
                "subnetwork": "https://www.googleapis.com/compute/v1/projects/ci-cd-module/regions/europe-west2/subnetworks/terraform-example",
                "subnetwork_project": "ci-cd-module"
              }
            ],
            "project": "ci-cd-module",
            "resource_policies": null,
            "scheduling": [
              {
                "automatic_restart": true,
                "node_affinities": [],
                "on_host_maintenance": "MIGRATE",
                "preemptible": false
              }
            ],
            "scratch_disk": [],
            "self_link": "https://www.googleapis.com/compute/v1/projects/ci-cd-module/zones/europe-west2-a/instances/staging",
            "service_account": [],
            "shielded_instance_config": [
              {
                "enable_integrity_monitoring": true,
                "enable_secure_boot": false,
                "enable_vtpm": true
              }
            ],
            "tags": null,
            "tags_fingerprint": "42WmSpB8rSM=",
            "timeouts": null,
            "zone": "europe-west2-a"
          },
          "sensitive_attributes": [],
          "private": "eyJlMmJmYjczMC1lY2FhLTExZTYtOGY4OC0zNDM2M2JjN2M0YzAiOnsiY3JlYXRlIjoxMjAwMDAwMDAwMDAwLCJkZWxldGUiOjEyMDAwMDAwMDAwMDAsInVwZGF0ZSI6MTIwMDAwMDAwMDAwMH0sInNjaGVtYV92ZXJzaW9uIjoiNiJ9",
          "dependencies": [
            "data.template_file.metadata_startup_script_staging",
            "google_compute_address.ip_address_staging",
            "google_compute_network.vpc_network",
            "google_compute_subnetwork.vpc_subnet"
          ]
        }
      ]
    },
    {
      "mode": "managed",
      "type": "google_compute_instance",
      "name": "vm_instance2",
      "provider": "provider[\"registry.terraform.io/hashicorp/google\"]",
      "instances": [
        {
          "schema_version": 6,
          "attributes": {
            "allow_stopping_for_update": null,
            "attached_disk": [],
            "boot_disk": [
              {
                "auto_delete": true,
                "device_name": "persistent-disk-0",
                "disk_encryption_key_raw": "",
                "disk_encryption_key_sha256": "",
                "initialize_params": [
                  {
                    "image": "https://www.googleapis.com/compute/v1/projects/ubuntu-os-cloud/global/images/ubuntu-1804-bionic-v20210325",
                    "labels": {},
                    "size": 10,
                    "type": "pd-standard"
                  }
                ],
                "kms_key_self_link": "",
                "mode": "READ_WRITE",
                "source": "https://www.googleapis.com/compute/v1/projects/ci-cd-module/zones/europe-west2-a/disks/production"
              }
            ],
            "can_ip_forward": false,
            "cpu_platform": "Intel Broadwell",
            "current_status": "RUNNING",
            "deletion_protection": false,
            "description": "",
            "desired_status": null,
            "enable_display": false,
            "guest_accelerator": [],
            "hostname": "",
            "id": "projects/ci-cd-module/zones/europe-west2-a/instances/production",
            "instance_id": "7126698048440305536",
            "label_fingerprint": "42WmSpB8rSM=",
            "labels": null,
            "machine_type": "n1-standard-1",
            "metadata": {
              "ssh-keys": "tchiquizz:ssh-rsa AAAAB3NzaC1yc2EAAAADAQABAAACAQC++ZB3psGRpXuHgbZGn63myTI3efd/uJnGoE86DAODi05HFECAMmwT9G6bEYIzrUwQcOSr3nJ9so8UoUY8lZPnqaOUGx2dwUOweIZRDmJi9F9EXoApP+21Ii+zyOGaHjHG9KhKMl3uHecoaX/Eknk8KRnkUSoLJbr6xSMbjm9MpWLH3qRi/HInU+RnMgYPA6CumeYZvXlYrKiaNYR5+ZVj9jDTU4bf2DO+4O8hE2/pXfk06+4MWkK7IKDdEcwrA2NLcnQDXNOKlq94UwuYhh/3OAM+EtzcJFy/HomFV+z7EUDrpCjxj5KSbMipsvM+OzEKJX2ukc7OD6DpVJSWe/3kXDMNl2ViS9y9AEIPsMqBsQNrPKP+57IFzg7kKBkvbQ8vdYYnSOOfwUH19aI8s31LiOId5wNOk91CKHBFkI45P8bBiOaD+sdLW2XmBUMIey89mvgUS6Dlli5WCM+wWFbH84JE81SsXhXJ7vGODjdTJsgW8WTAhtt1tNaLX9GPVUKtOj9E+C+IM4WlVTYrSi5mJ6tD3scKfp5NF4cU+PgfnEmga2jSdZLFR0Nhyxv0PvQmMZEEZDfgx8a6egL8YNGJItgJQRVobLzg/AQnskv7G+kA2xrnmo9+5AXOWN6WVuckmMnykrhREKRIaIzVUlnAr5D4GqgHhugqDIeAUPlSaw== gitlab-runner@ubuntu"
            },
            "metadata_fingerprint": "st94Iu55Lzc=",
            "metadata_startup_script": "#!/bin/bash\n# This is used as the startup script by the Google compute unit\n# And will start an nginx container as an example\n\nmkdir -p /www/prod\n\n",
            "min_cpu_platform": "",
            "name": "production",
            "network_interface": [
              {
                "access_config": [
                  {
                    "nat_ip": "35.242.189.65",
                    "network_tier": "PREMIUM",
                    "public_ptr_domain_name": ""
                  }
                ],
                "alias_ip_range": [],
                "name": "nic0",
                "network": "https://www.googleapis.com/compute/v1/projects/ci-cd-module/global/networks/terraform-example",
                "network_ip": "10.222.0.3",
                "subnetwork": "https://www.googleapis.com/compute/v1/projects/ci-cd-module/regions/europe-west2/subnetworks/terraform-example",
                "subnetwork_project": "ci-cd-module"
              }
            ],
            "project": "ci-cd-module",
            "resource_policies": null,
            "scheduling": [
              {
                "automatic_restart": true,
                "node_affinities": [],
                "on_host_maintenance": "MIGRATE",
                "preemptible": false
              }
            ],
            "scratch_disk": [],
            "self_link": "https://www.googleapis.com/compute/v1/projects/ci-cd-module/zones/europe-west2-a/instances/production",
            "service_account": [],
            "shielded_instance_config": [
              {
                "enable_integrity_monitoring": true,
                "enable_secure_boot": false,
                "enable_vtpm": true
              }
            ],
            "tags": null,
            "tags_fingerprint": "42WmSpB8rSM=",
            "timeouts": null,
            "zone": "europe-west2-a"
          },
          "sensitive_attributes": [],
          "private": "eyJlMmJmYjczMC1lY2FhLTExZTYtOGY4OC0zNDM2M2JjN2M0YzAiOnsiY3JlYXRlIjoxMjAwMDAwMDAwMDAwLCJkZWxldGUiOjEyMDAwMDAwMDAwMDAsInVwZGF0ZSI6MTIwMDAwMDAwMDAwMH0sInNjaGVtYV92ZXJzaW9uIjoiNiJ9",
          "dependencies": [
            "data.template_file.metadata_startup_script_prod",
            "google_compute_address.ip_address_prod",
            "google_compute_network.vpc_network",
            "google_compute_subnetwork.vpc_subnet"
          ]
        }
      ]
    },
    {
      "mode": "managed",
      "type": "google_compute_network",
      "name": "vpc_network",
      "provider": "provider[\"registry.terraform.io/hashicorp/google\"]",
      "instances": [
        {
          "schema_version": 0,
          "attributes": {
            "auto_create_subnetworks": false,
            "delete_default_routes_on_create": false,
            "description": "",
            "gateway_ipv4": "",
            "id": "projects/ci-cd-module/global/networks/terraform-example",
            "name": "terraform-example",
            "project": "ci-cd-module",
            "routing_mode": "REGIONAL",
            "self_link": "https://www.googleapis.com/compute/v1/projects/ci-cd-module/global/networks/terraform-example",
            "timeouts": null
          },
          "sensitive_attributes": [],
          "private": "eyJlMmJmYjczMC1lY2FhLTExZTYtOGY4OC0zNDM2M2JjN2M0YzAiOnsiY3JlYXRlIjoyNDAwMDAwMDAwMDAsImRlbGV0ZSI6MjQwMDAwMDAwMDAwLCJ1cGRhdGUiOjI0MDAwMDAwMDAwMH19"
        }
      ]
    },
    {
      "mode": "managed",
      "type": "google_compute_ssl_certificate",
      "name": "default",
      "provider": "provider[\"registry.terraform.io/hashicorp/google\"]",
      "instances": [
        {
          "schema_version": 0,
          "attributes": {
            "certificate": "-----BEGIN CERTIFICATE-----\nMIID7zCCAtegAwIBAgIUJcvj0Cy/TZRTk2kuB2tEZS8hUgEwDQYJKoZIhvcNAQEL\nBQAwgYYxCzAJBgNVBAYTAkZSMREwDwYDVQQIDAhCUkVUQUdORTEPMA0GA1UEBwwG\nUkVOTkVTMRAwDgYDVQQKDAdFUElURUNIMQwwCgYDVQQLDANERVYxCjAIBgNVBAMM\nAWMxJzAlBgkqhkiG9w0BCQEWGGNhbWlsbGVwb2xpY2VAaWNsb3VkLmNvbTAeFw0y\nMTA0MDYwOTIzMTdaFw0yMjA0MDYwOTIzMTdaMIGGMQswCQYDVQQGEwJGUjERMA8G\nA1UECAwIQlJFVEFHTkUxDzANBgNVBAcMBlJFTk5FUzEQMA4GA1UECgwHRVBJVEVD\nSDEMMAoGA1UECwwDREVWMQowCAYDVQQDDAFjMScwJQYJKoZIhvcNAQkBFhhjYW1p\nbGxlcG9saWNlQGljbG91ZC5jb20wggEiMA0GCSqGSIb3DQEBAQUAA4IBDwAwggEK\nAoIBAQDkM4r6tclZrpqf2JyvG+E3y3texfzvJ0xCLC90Aq1f54ACeyiu+q9bJACY\na14JwvyVADpk1p17GOpNnCZrxsboAWBYL7e0xpK2ljV1mLW1PMqdAuCKlZh/YF8N\naPGjM8549nqmsOQFqopUJDEyaQJ1cL0aPKkvG9GNK1a4BcaGO+SpeSUkgmgirYfT\n+y4Yp6xsMyF/nOFtjPRGBoyc768+TnO/z7k/Mq3G8bhzruDj+l2PdbZIMtVd0ZRT\n4QZhO3sQne8umjUXl1P4CSBVvOwN/b3+jHjDLgdOX/fd4UK/qF0E3BKw/C2izyQg\nMf4wL9VgqNb7qiJ3HFDG+BOaClO7AgMBAAGjUzBRMB0GA1UdDgQWBBT8OIjOm3GE\n9SlGoXcfKjcSBFjYsTAfBgNVHSMEGDAWgBT8OIjOm3GE9SlGoXcfKjcSBFjYsTAP\nBgNVHRMBAf8EBTADAQH/MA0GCSqGSIb3DQEBCwUAA4IBAQDFMyl7lf0pBijVE3ey\nuSYsZiSvNB1zZ5/Wpf6QPqWfeBX4oFqoi5k1fGUcJHuRrzjtftRRmWQEombkGCSf\naGohuoqOWdrWucd8VeRsPfGIiqe9vM6jxA38LF0Epzzswe1jDDjlzBPE+Zb7ZFlK\nGFpGarfx2bbRIW0k65in0D6NQBP0iehoKDGSD/rJ8Ibg56vh3gImEk9bjL98dcqb\nJBuAEvBPpnHe7aTmJpkXp/+3+oC1prT7O87boJBbjCuxgibyUfiyYZZN224S5G3F\nNN5FDmks+7jscdxThF5u58WT9V/F+/hNBNOtqkwVyuV17OaVsUqhoyXycQWTRlaO\nwJus\n-----END CERTIFICATE-----\n",
            "certificate_id": 1458735492953606073,
            "creation_timestamp": "2021-04-06T12:41:10.908-07:00",
            "description": "",
            "id": "projects/ci-cd-module/global/sslCertificates/ssl-certificate",
            "name": "ssl-certificate",
            "name_prefix": null,
            "private_key": "-----BEGIN PRIVATE KEY-----\nMIIEvQIBADANBgkqhkiG9w0BAQEFAASCBKcwggSjAgEAAoIBAQDkM4r6tclZrpqf\n2JyvG+E3y3texfzvJ0xCLC90Aq1f54ACeyiu+q9bJACYa14JwvyVADpk1p17GOpN\nnCZrxsboAWBYL7e0xpK2ljV1mLW1PMqdAuCKlZh/YF8NaPGjM8549nqmsOQFqopU\nJDEyaQJ1cL0aPKkvG9GNK1a4BcaGO+SpeSUkgmgirYfT+y4Yp6xsMyF/nOFtjPRG\nBoyc768+TnO/z7k/Mq3G8bhzruDj+l2PdbZIMtVd0ZRT4QZhO3sQne8umjUXl1P4\nCSBVvOwN/b3+jHjDLgdOX/fd4UK/qF0E3BKw/C2izyQgMf4wL9VgqNb7qiJ3HFDG\n+BOaClO7AgMBAAECggEBALTBWvmBWq7tzc6FXn6Zn8h5JgyI2PN59j6ID0JeCIRp\ns4zDjxMiwBl6J/qTORaUW0uOtbJACNeDgbvdztUZy13kETNpAKNxkq6LxmaSgoO/\nVmIN8Fv1aKikZkYR9SynkYlg+v/kJ4mRbyZ80Hc0lFz/4tnQaNZGu7KNPJBhCsIx\nWZECbCfaWXX3nvvMhDhaUkdYQUi9kALdS5mruUxj+0WX0l/tyTODxEUoDobJzRdr\n5QzpD0tAa28NgaAOwZaee9mK4y+GEnhY+EFWXSsbujx7VKsHa4mfTJIlKTemcxok\n4nnpuEMcWLCDnSTkPVbjZetZEbyGbP/9cRUXPD+6QIECgYEA+9rBVnsIrldo2Gfg\n4tFM1ugtjqayHbeDLkT2O+oh8Emcf767/IdWV/4ZtKyTuKF7g83U0yCwWJu/6I3Y\nBjp7CmhPPehvOokfAkbB1EksKENjxAe5fvKnLH+I64CrK6DEqFTLKuy4RzhKYVhD\n4tC972QccyYUidzSKCMMdks2kMECgYEA5/UeqcITiw0xQp7+VlIvyyf/PQs77HfN\nCNsg/6sKRGUainnUVkJvvT0BC+pf6wJbNAnib6CH0yVlH6vbViPwvfGuB6hPCbvR\nbHlbYrUDCANTb20bK6MxMDl+ysVbUc7G7COETpHlipjLYcLAB9alWtNFixsh++RN\n/XymLVK9h3sCgYAoldLsHb2DYsCZhvvdcT8Brr6Qq1ouocD49tH7S7qWXzZh+5mN\nkz2dxmvcCqdvbE5cKhIux6jDTq35SspSDqB/R9nlLwylkS03D7HyhKwh/OIZ1+jT\nhUTdTdwBn2V2DV1Dhw6KZ0U27OJHl5Kw/VRuPGK9R5itsrEHGMbMVUiAwQKBgGyG\n1ETq6AfsMTsRdsBejbwIx7QA+JWH6+eT1xmoJhKgF03o+H8vcGZjD4VKsHwdSxzK\n7yX5PvN8kJbD6sif4jiMxjcQ+YH9XVvaX/aL6JIsNDJzIv5EyXPdwsQOmM5q58l+\nSJ4WRwaUvLvNydkhBZa8ONJ/7GOViyPp2TpldwXXAoGACqgiUGGjHFg4c3j0H7sg\n5NT0y2jTBpSgAAulO5i7EfsE2VXK/DKEqctQRnLkIY48Vg2U/PWTyYA41QspWfbS\nXEgQ37gZFiFogSeATiswlN2Pu+WQQKqzalFR8J/cExZnOAWTRBKPacB25iry5isC\nnvogztp68mc/M7/6lybgEWo=\n-----END PRIVATE KEY-----\n",
            "project": "ci-cd-module",
            "self_link": "https://www.googleapis.com/compute/v1/projects/ci-cd-module/global/sslCertificates/ssl-certificate",
            "timeouts": null
          },
          "sensitive_attributes": [],
          "private": "eyJlMmJmYjczMC1lY2FhLTExZTYtOGY4OC0zNDM2M2JjN2M0YzAiOnsiY3JlYXRlIjoyNDAwMDAwMDAwMDAsImRlbGV0ZSI6MjQwMDAwMDAwMDAwfX0="
        }
      ]
    },
    {
      "mode": "managed",
      "type": "google_compute_subnetwork",
      "name": "vpc_subnet",
      "provider": "provider[\"registry.terraform.io/hashicorp/google\"]",
      "instances": [
        {
          "schema_version": 0,
          "attributes": {
            "creation_timestamp": "2021-04-06T12:41:22.708-07:00",
            "description": "",
            "fingerprint": null,
            "gateway_address": "10.222.0.1",
            "id": "projects/ci-cd-module/regions/europe-west2/subnetworks/terraform-example",
            "ip_cidr_range": "10.222.0.0/20",
            "log_config": [],
            "name": "terraform-example",
            "network": "https://www.googleapis.com/compute/v1/projects/ci-cd-module/global/networks/terraform-example",
            "private_ip_google_access": true,
            "project": "ci-cd-module",
            "region": "europe-west2",
            "secondary_ip_range": [],
            "self_link": "https://www.googleapis.com/compute/v1/projects/ci-cd-module/regions/europe-west2/subnetworks/terraform-example",
            "timeouts": null
          },
          "sensitive_attributes": [],
          "private": "eyJlMmJmYjczMC1lY2FhLTExZTYtOGY4OC0zNDM2M2JjN2M0YzAiOnsiY3JlYXRlIjozNjAwMDAwMDAwMDAsImRlbGV0ZSI6MzYwMDAwMDAwMDAwLCJ1cGRhdGUiOjM2MDAwMDAwMDAwMH19",
          "dependencies": [
            "google_compute_network.vpc_network"
          ]
        }
      ]
    },
    {
      "mode": "managed",
      "type": "google_compute_target_https_proxy",
      "name": "default",
      "provider": "provider[\"registry.terraform.io/hashicorp/google\"]",
      "instances": [
        {
          "schema_version": 0,
          "attributes": {
            "creation_timestamp": "2021-04-06T12:41:47.272-07:00",
            "description": "",
            "id": "projects/ci-cd-module/global/targetHttpsProxies/test-proxy",
            "name": "test-proxy",
            "project": "ci-cd-module",
            "proxy_id": 2966761328770877332,
            "quic_override": "NONE",
            "self_link": "https://www.googleapis.com/compute/v1/projects/ci-cd-module/global/targetHttpsProxies/test-proxy",
            "ssl_certificates": [
              "https://www.googleapis.com/compute/v1/projects/ci-cd-module/global/sslCertificates/ssl-certificate"
            ],
            "ssl_policy": "",
            "timeouts": null,
            "url_map": "https://www.googleapis.com/compute/v1/projects/ci-cd-module/global/urlMaps/url-map"
          },
          "sensitive_attributes": [],
          "private": "eyJlMmJmYjczMC1lY2FhLTExZTYtOGY4OC0zNDM2M2JjN2M0YzAiOnsiY3JlYXRlIjoyNDAwMDAwMDAwMDAsImRlbGV0ZSI6MjQwMDAwMDAwMDAwLCJ1cGRhdGUiOjI0MDAwMDAwMDAwMH19",
          "dependencies": [
            "google_compute_backend_service.default",
            "google_compute_http_health_check.default",
            "google_compute_ssl_certificate.default",
            "google_compute_url_map.default"
          ]
        }
      ]
    },
    {
      "mode": "managed",
      "type": "google_compute_url_map",
      "name": "default",
      "provider": "provider[\"registry.terraform.io/hashicorp/google\"]",
      "instances": [
        {
          "schema_version": 0,
          "attributes": {
            "creation_timestamp": "2021-04-06T12:41:34.534-07:00",
            "default_route_action": [],
            "default_service": "https://www.googleapis.com/compute/v1/projects/ci-cd-module/global/backendServices/backend-service",
            "default_url_redirect": [],
            "description": "ci-ci module",
            "fingerprint": "wHMXGPE9r4s=",
            "header_action": [],
            "host_rule": [
              {
                "description": "",
                "hosts": [
                  "34.117.15.44"
                ],
                "path_matcher": "allpaths"
              }
            ],
            "id": "projects/ci-cd-module/global/urlMaps/url-map",
            "map_id": 8553949572488038273,
            "name": "url-map",
            "path_matcher": [
              {
                "default_route_action": [],
                "default_service": "https://www.googleapis.com/compute/v1/projects/ci-cd-module/global/backendServices/backend-service",
                "default_url_redirect": [],
                "description": "",
                "header_action": [],
                "name": "allpaths",
                "path_rule": [
                  {
                    "paths": [
                      "/home"
                    ],
                    "route_action": [],
                    "service": "https://www.googleapis.com/compute/v1/projects/ci-cd-module/global/backendServices/backend-service",
                    "url_redirect": []
                  }
                ],
                "route_rules": []
              }
            ],
            "project": "ci-cd-module",
            "self_link": "https://www.googleapis.com/compute/v1/projects/ci-cd-module/global/urlMaps/url-map",
            "test": [],
            "timeouts": null
          },
          "sensitive_attributes": [],
          "private": "eyJlMmJmYjczMC1lY2FhLTExZTYtOGY4OC0zNDM2M2JjN2M0YzAiOnsiY3JlYXRlIjoyNDAwMDAwMDAwMDAsImRlbGV0ZSI6MjQwMDAwMDAwMDAwLCJ1cGRhdGUiOjI0MDAwMDAwMDAwMH19",
          "dependencies": [
            "google_compute_backend_service.default",
            "google_compute_http_health_check.default"
          ]
        }
      ]
    },
    {
      "module": "module.lb",
      "mode": "managed",
      "type": "google_compute_backend_bucket",
      "name": "static",
      "provider": "module.lb.provider[\"registry.terraform.io/hashicorp/google\"]",
      "instances": [
        {
          "schema_version": 0,
          "attributes": {
            "bucket_name": "ci-cd-module-lb-bucket",
            "cdn_policy": [],
            "creation_timestamp": "2021-04-06T12:41:22.299-07:00",
            "description": "",
            "enable_cdn": false,
            "id": "projects/ci-cd-module/global/backendBuckets/ci-cd-module-lb-backend-bucket",
            "name": "ci-cd-module-lb-backend-bucket",
            "project": "ci-cd-module",
            "self_link": "https://www.googleapis.com/compute/v1/projects/ci-cd-module/global/backendBuckets/ci-cd-module-lb-backend-bucket",
            "timeouts": null
          },
          "sensitive_attributes": [],
          "private": "eyJlMmJmYjczMC1lY2FhLTExZTYtOGY4OC0zNDM2M2JjN2M0YzAiOnsiY3JlYXRlIjoyNDAwMDAwMDAwMDAsImRlbGV0ZSI6MjQwMDAwMDAwMDAwLCJ1cGRhdGUiOjI0MDAwMDAwMDAwMH19",
          "dependencies": [
            "module.lb.google_storage_bucket.static"
          ]
        }
      ]
    },
    {
      "module": "module.lb",
      "mode": "managed",
      "type": "google_compute_backend_service",
      "name": "api",
      "provider": "module.lb.provider[\"registry.terraform.io/hashicorp/google\"]",
      "instances": [
        {
          "schema_version": 1,
          "attributes": {
            "affinity_cookie_ttl_sec": 0,
            "backend": [
              {
                "balancing_mode": "UTILIZATION",
                "capacity_scaler": 1,
                "description": "",
                "group": "https://www.googleapis.com/compute/v1/projects/ci-cd-module/zones/europe-west2-a/instanceGroups/ci-cd-module-lb-instance-group",
                "max_connections": null,
                "max_connections_per_endpoint": null,
                "max_connections_per_instance": null,
                "max_rate": null,
                "max_rate_per_endpoint": null,
                "max_rate_per_instance": null,
                "max_utilization": 0.8
              }
            ],
            "cdn_policy": [],
            "circuit_breakers": [],
            "connection_draining_timeout_sec": 300,
            "consistent_hash": [],
            "creation_timestamp": "2021-04-06T12:41:37.418-07:00",
            "custom_request_headers": null,
            "description": "API Backend for ci-cd-module-lb",
            "enable_cdn": false,
            "fingerprint": "Rcl02hUcCbE=",
            "health_checks": [
              "https://www.googleapis.com/compute/v1/projects/ci-cd-module/global/healthChecks/ci-cd-module-lb-hc"
            ],
            "iap": [],
            "id": "projects/ci-cd-module/global/backendServices/ci-cd-module-lb-api",
            "load_balancing_scheme": "EXTERNAL",
            "locality_lb_policy": "",
            "log_config": [],
            "name": "ci-cd-module-lb-api",
            "outlier_detection": [],
            "port_name": "http",
            "project": "ci-cd-module",
            "protocol": "HTTP",
            "security_policy": "",
            "self_link": "https://www.googleapis.com/compute/v1/projects/ci-cd-module/global/backendServices/ci-cd-module-lb-api",
            "session_affinity": "NONE",
            "timeout_sec": 10,
            "timeouts": null
          },
          "sensitive_attributes": [],
          "private": "eyJlMmJmYjczMC1lY2FhLTExZTYtOGY4OC0zNDM2M2JjN2M0YzAiOnsiY3JlYXRlIjoyNDAwMDAwMDAwMDAsImRlbGV0ZSI6MjQwMDAwMDAwMDAwLCJ1cGRhdGUiOjI0MDAwMDAwMDAwMH0sInNjaGVtYV92ZXJzaW9uIjoiMSJ9",
          "dependencies": [
            "module.lb.google_compute_health_check.default",
            "module.lb.google_compute_instance.api",
            "module.lb.google_compute_instance_group.api"
          ]
        }
      ]
    },
    {
      "module": "module.lb",
      "mode": "managed",
      "type": "google_compute_firewall",
      "name": "firewall",
      "provider": "module.lb.provider[\"registry.terraform.io/hashicorp/google\"]",
      "instances": [
        {
          "schema_version": 1,
          "attributes": {
            "allow": [
              {
                "ports": [
                  "5000"
                ],
                "protocol": "tcp"
              }
            ],
            "creation_timestamp": "2021-04-06T12:41:10.735-07:00",
            "deny": [],
            "description": "",
            "destination_ranges": [],
            "direction": "INGRESS",
            "disabled": false,
            "enable_logging": null,
            "id": "projects/ci-cd-module/global/firewalls/ci-cd-module-lb-fw",
            "log_config": [],
            "name": "ci-cd-module-lb-fw",
            "network": "https://www.googleapis.com/compute/v1/projects/ci-cd-module/global/networks/default",
            "priority": 1000,
            "project": "ci-cd-module",
            "self_link": "https://www.googleapis.com/compute/v1/projects/ci-cd-module/global/firewalls/ci-cd-module-lb-fw",
            "source_ranges": [
              "130.211.0.0/22",
              "35.191.0.0/16"
            ],
            "source_service_accounts": null,
            "source_tags": [
              "private-app"
            ],
            "target_service_accounts": null,
            "target_tags": [
              "private-app"
            ],
            "timeouts": null
          },
          "sensitive_attributes": [],
          "private": "eyJlMmJmYjczMC1lY2FhLTExZTYtOGY4OC0zNDM2M2JjN2M0YzAiOnsiY3JlYXRlIjoyNDAwMDAwMDAwMDAsImRlbGV0ZSI6MjQwMDAwMDAwMDAwLCJ1cGRhdGUiOjI0MDAwMDAwMDAwMH0sInNjaGVtYV92ZXJzaW9uIjoiMSJ9"
        }
      ]
    },
    {
      "module": "module.lb",
      "mode": "managed",
      "type": "google_compute_health_check",
      "name": "default",
      "provider": "module.lb.provider[\"registry.terraform.io/hashicorp/google\"]",
      "instances": [
        {
          "schema_version": 0,
          "attributes": {
            "check_interval_sec": 5,
            "creation_timestamp": "2021-04-06T12:41:10.858-07:00",
            "description": "",
            "grpc_health_check": [],
            "healthy_threshold": 2,
            "http2_health_check": [],
            "http_health_check": [
              {
                "host": "",
                "port": 5000,
                "port_name": "",
                "port_specification": "",
                "proxy_header": "NONE",
                "request_path": "/api",
                "response": ""
              }
            ],
            "https_health_check": [],
            "id": "projects/ci-cd-module/global/healthChecks/ci-cd-module-lb-hc",
            "name": "ci-cd-module-lb-hc",
            "project": "ci-cd-module",
            "self_link": "https://www.googleapis.com/compute/v1/projects/ci-cd-module/global/healthChecks/ci-cd-module-lb-hc",
            "ssl_health_check": [],
            "tcp_health_check": [],
            "timeout_sec": 5,
            "timeouts": null,
            "type": "HTTP",
            "unhealthy_threshold": 2
          },
          "sensitive_attributes": [],
          "private": "eyJlMmJmYjczMC1lY2FhLTExZTYtOGY4OC0zNDM2M2JjN2M0YzAiOnsiY3JlYXRlIjoyNDAwMDAwMDAwMDAsImRlbGV0ZSI6MjQwMDAwMDAwMDAwLCJ1cGRhdGUiOjI0MDAwMDAwMDAwMH19"
        }
      ]
    },
    {
      "module": "module.lb",
      "mode": "managed",
      "type": "google_compute_instance",
      "name": "api",
      "provider": "module.lb.provider[\"registry.terraform.io/hashicorp/google\"]",
      "instances": [
        {
          "schema_version": 6,
          "attributes": {
            "allow_stopping_for_update": null,
            "attached_disk": [],
            "boot_disk": [
              {
                "auto_delete": true,
                "device_name": "persistent-disk-0",
                "disk_encryption_key_raw": "",
                "disk_encryption_key_sha256": "",
                "initialize_params": [
                  {
                    "image": "https://www.googleapis.com/compute/v1/projects/debian-cloud/global/images/debian-9-stretch-v20210316",
                    "labels": {},
                    "size": 10,
                    "type": "pd-standard"
                  }
                ],
                "kms_key_self_link": "",
                "mode": "READ_WRITE",
                "source": "https://www.googleapis.com/compute/v1/projects/ci-cd-module/zones/europe-west2-a/disks/ci-cd-module-lb-instance"
              }
            ],
            "can_ip_forward": false,
            "cpu_platform": "Intel Broadwell",
            "current_status": "RUNNING",
            "deletion_protection": false,
            "description": "",
            "desired_status": null,
            "enable_display": false,
            "guest_accelerator": [],
            "hostname": "",
            "id": "projects/ci-cd-module/zones/europe-west2-a/instances/ci-cd-module-lb-instance",
            "instance_id": "8462116531680118712",
            "label_fingerprint": "42WmSpB8rSM=",
            "labels": null,
            "machine_type": "f1-micro",
            "metadata": null,
            "metadata_fingerprint": "7XAxj1MebzM=",
            "metadata_startup_script": "#!/bin/bash -xe\n\napt-get update\napt-get install -yq build-essential python-pip rsync\npip install flask\n\nmkdir /app\n\ncat \u003e /app/app.py \u003c\u003c'EOF'\nfrom flask import Flask\napp = Flask(__name__)\n\n@app.route('/api')\ndef hello_api():\n   return 'Hello, api!'\n\napp.run(host='0.0.0.0')\nEOF\n\npython /app/app.py \u0026\n\n",
            "min_cpu_platform": "",
            "name": "ci-cd-module-lb-instance",
            "network_interface": [
              {
                "access_config": [
                  {
                    "nat_ip": "34.105.198.191",
                    "network_tier": "PREMIUM",
                    "public_ptr_domain_name": ""
                  }
                ],
                "alias_ip_range": [],
                "name": "nic0",
                "network": "https://www.googleapis.com/compute/v1/projects/ci-cd-module/global/networks/default",
                "network_ip": "10.154.0.16",
                "subnetwork": "https://www.googleapis.com/compute/v1/projects/ci-cd-module/regions/europe-west2/subnetworks/default",
                "subnetwork_project": "ci-cd-module"
              }
            ],
            "project": "ci-cd-module",
            "resource_policies": null,
            "scheduling": [
              {
                "automatic_restart": true,
                "node_affinities": [],
                "on_host_maintenance": "MIGRATE",
                "preemptible": false
              }
            ],
            "scratch_disk": [],
            "self_link": "https://www.googleapis.com/compute/v1/projects/ci-cd-module/zones/europe-west2-a/instances/ci-cd-module-lb-instance",
            "service_account": [],
            "shielded_instance_config": [],
            "tags": [
              "private-app"
            ],
            "tags_fingerprint": "4BwUI0kszDU=",
            "timeouts": null,
            "zone": "europe-west2-a"
          },
          "sensitive_attributes": [],
          "private": "eyJlMmJmYjczMC1lY2FhLTExZTYtOGY4OC0zNDM2M2JjN2M0YzAiOnsiY3JlYXRlIjoxMjAwMDAwMDAwMDAwLCJkZWxldGUiOjEyMDAwMDAwMDAwMDAsInVwZGF0ZSI6MTIwMDAwMDAwMDAwMH0sInNjaGVtYV92ZXJzaW9uIjoiNiJ9",
          "create_before_destroy": true
        }
      ]
    },
    {
      "module": "module.lb",
      "mode": "managed",
      "type": "google_compute_instance_group",
      "name": "api",
      "provider": "module.lb.provider[\"registry.terraform.io/hashicorp/google\"]",
      "instances": [
        {
          "schema_version": 2,
          "attributes": {
            "description": "",
            "id": "projects/ci-cd-module/zones/europe-west2-a/instanceGroups/ci-cd-module-lb-instance-group",
            "instances": [
              "https://www.googleapis.com/compute/v1/projects/ci-cd-module/zones/europe-west2-a/instances/ci-cd-module-lb-instance"
            ],
            "name": "ci-cd-module-lb-instance-group",
            "named_port": [
              {
                "name": "http",
                "port": 5000
              }
            ],
            "network": "https://www.googleapis.com/compute/v1/projects/ci-cd-module/global/networks/default",
            "project": "ci-cd-module",
            "self_link": "https://www.googleapis.com/compute/v1/projects/ci-cd-module/zones/europe-west2-a/instanceGroups/ci-cd-module-lb-instance-group",
            "size": 1,
            "timeouts": null,
            "zone": "europe-west2-a"
          },
          "sensitive_attributes": [],
          "private": "eyJlMmJmYjczMC1lY2FhLTExZTYtOGY4OC0zNDM2M2JjN2M0YzAiOnsiY3JlYXRlIjozNjAwMDAwMDAwMDAsImRlbGV0ZSI6MzYwMDAwMDAwMDAwLCJ1cGRhdGUiOjM2MDAwMDAwMDAwMH0sInNjaGVtYV92ZXJzaW9uIjoiMiJ9",
          "dependencies": [
            "module.lb.google_compute_instance.api"
          ],
          "create_before_destroy": true
        }
      ]
    },
    {
      "module": "module.lb",
      "mode": "managed",
      "type": "google_compute_url_map",
      "name": "urlmap",
      "provider": "module.lb.provider[\"registry.terraform.io/hashicorp/google\"]",
      "instances": [
        {
          "schema_version": 0,
          "attributes": {
            "creation_timestamp": "2021-04-06T12:41:49.428-07:00",
            "default_route_action": [],
            "default_service": "https://www.googleapis.com/compute/v1/projects/ci-cd-module/global/backendBuckets/ci-cd-module-lb-backend-bucket",
            "default_url_redirect": [],
            "description": "URL map for ci-cd-module-lb",
            "fingerprint": "8lczfqoUbW8=",
            "header_action": [],
            "host_rule": [
              {
                "description": "",
                "hosts": [
                  "*"
                ],
                "path_matcher": "all"
              }
            ],
            "id": "projects/ci-cd-module/global/urlMaps/ci-cd-module-lb-url-map",
            "map_id": 1827655737522849682,
            "name": "ci-cd-module-lb-url-map",
            "path_matcher": [
              {
                "default_route_action": [],
                "default_service": "https://www.googleapis.com/compute/v1/projects/ci-cd-module/global/backendBuckets/ci-cd-module-lb-backend-bucket",
                "default_url_redirect": [],
                "description": "",
                "header_action": [],
                "name": "all",
                "path_rule": [
                  {
                    "paths": [
                      "/api",
                      "/api/*"
                    ],
                    "route_action": [],
                    "service": "https://www.googleapis.com/compute/v1/projects/ci-cd-module/global/backendServices/ci-cd-module-lb-api",
                    "url_redirect": []
                  }
                ],
                "route_rules": []
              }
            ],
            "project": "ci-cd-module",
            "self_link": "https://www.googleapis.com/compute/v1/projects/ci-cd-module/global/urlMaps/ci-cd-module-lb-url-map",
            "test": [],
            "timeouts": null
          },
          "sensitive_attributes": [],
          "private": "eyJlMmJmYjczMC1lY2FhLTExZTYtOGY4OC0zNDM2M2JjN2M0YzAiOnsiY3JlYXRlIjoyNDAwMDAwMDAwMDAsImRlbGV0ZSI6MjQwMDAwMDAwMDAwLCJ1cGRhdGUiOjI0MDAwMDAwMDAwMH19",
          "dependencies": [
            "module.lb.google_compute_backend_bucket.static",
            "module.lb.google_compute_backend_service.api",
            "module.lb.google_compute_health_check.default",
            "module.lb.google_compute_instance.api",
            "module.lb.google_compute_instance_group.api",
            "module.lb.google_storage_bucket.static"
          ]
        }
      ]
    },
    {
      "module": "module.lb",
      "mode": "managed",
      "type": "google_storage_bucket",
      "name": "static",
      "provider": "module.lb.provider[\"registry.terraform.io/hashicorp/google\"]",
      "instances": [
        {
          "schema_version": 0,
          "attributes": {
            "bucket_policy_only": false,
            "cors": [],
            "default_event_based_hold": false,
            "encryption": [],
            "force_destroy": true,
            "id": "ci-cd-module-lb-bucket",
            "labels": null,
            "lifecycle_rule": [],
            "location": "US",
            "logging": [],
            "name": "ci-cd-module-lb-bucket",
            "project": "ci-cd-module",
            "requester_pays": false,
            "retention_policy": [],
            "self_link": "https://www.googleapis.com/storage/v1/b/ci-cd-module-lb-bucket",
            "storage_class": "MULTI_REGIONAL",
            "uniform_bucket_level_access": false,
            "url": "gs://ci-cd-module-lb-bucket",
            "versioning": [],
            "website": [
              {
                "main_page_suffix": "index.html",
                "not_found_page": "404.html"
              }
            ]
          },
          "sensitive_attributes": [],
          "private": "bnVsbA=="
        }
      ]
    },
    {
      "module": "module.lb",
      "mode": "managed",
      "type": "google_storage_bucket_object",
      "name": "index",
      "provider": "module.lb.provider[\"registry.terraform.io/hashicorp/google\"]",
      "instances": [
        {
          "schema_version": 0,
          "attributes": {
            "bucket": "ci-cd-module-lb-bucket",
            "cache_control": "",
            "content": "Hello, World!",
            "content_disposition": "",
            "content_encoding": "",
            "content_language": "",
            "content_type": "text/plain; charset=utf-8",
            "crc32c": "TVUQaA==",
            "detect_md5hash": "ZajifYh5KDgxtmS9i38K1A==",
            "id": "ci-cd-module-lb-bucket-index.html",
            "md5hash": "ZajifYh5KDgxtmS9i38K1A==",
            "media_link": "https://storage.googleapis.com/download/storage/v1/b/ci-cd-module-lb-bucket/o/index.html?generation=1617738083379117\u0026alt=media",
            "metadata": null,
            "name": "index.html",
            "output_name": "index.html",
            "self_link": "https://www.googleapis.com/storage/v1/b/ci-cd-module-lb-bucket/o/index.html",
            "source": null,
            "storage_class": "MULTI_REGIONAL"
          },
          "sensitive_attributes": [],
          "private": "bnVsbA==",
          "dependencies": [
            "module.lb.google_storage_bucket.static",
            "module.lb.google_storage_default_object_acl.website_acl"
          ]
        }
      ]
    },
    {
      "module": "module.lb",
      "mode": "managed",
      "type": "google_storage_bucket_object",
      "name": "not_found",
      "provider": "module.lb.provider[\"registry.terraform.io/hashicorp/google\"]",
      "instances": [
        {
          "schema_version": 0,
          "attributes": {
            "bucket": "ci-cd-module-lb-bucket",
            "cache_control": "",
            "content": "Uh oh",
            "content_disposition": "",
            "content_encoding": "",
            "content_language": "",
            "content_type": "text/plain; charset=utf-8",
            "crc32c": "wiybnA==",
            "detect_md5hash": "d0XQ/ywTPACMWw38GXdeYg==",
            "id": "ci-cd-module-lb-bucket-404.html",
            "md5hash": "d0XQ/ywTPACMWw38GXdeYg==",
            "media_link": "https://storage.googleapis.com/download/storage/v1/b/ci-cd-module-lb-bucket/o/404.html?generation=1617738083479451\u0026alt=media",
            "metadata": null,
            "name": "404.html",
            "output_name": "404.html",
            "self_link": "https://www.googleapis.com/storage/v1/b/ci-cd-module-lb-bucket/o/404.html",
            "source": null,
            "storage_class": "MULTI_REGIONAL"
          },
          "sensitive_attributes": [],
          "private": "bnVsbA==",
          "dependencies": [
            "module.lb.google_storage_bucket.static",
            "module.lb.google_storage_default_object_acl.website_acl"
          ]
        }
      ]
    },
    {
      "module": "module.lb",
      "mode": "managed",
      "type": "google_storage_default_object_acl",
      "name": "website_acl",
      "provider": "module.lb.provider[\"registry.terraform.io/hashicorp/google\"]",
      "instances": [
        {
          "schema_version": 0,
          "attributes": {
            "bucket": "ci-cd-module-lb-bucket",
            "id": "ci-cd-module-lb-bucket",
            "role_entity": [
              "READER:allUsers"
            ]
          },
          "sensitive_attributes": [],
          "private": "bnVsbA==",
          "dependencies": [
            "module.lb.google_storage_bucket.static"
          ]
        }
      ]
    },
    {
      "module": "module.lb.module.lb",
      "mode": "managed",
      "type": "google_compute_global_address",
      "name": "default",
      "provider": "module.lb.provider[\"registry.terraform.io/hashicorp/google\"]",
      "instances": [
        {
          "schema_version": 0,
          "attributes": {
            "address": "34.117.15.44",
            "address_type": "EXTERNAL",
            "creation_timestamp": "2021-04-06T12:41:10.662-07:00",
            "description": "",
            "id": "projects/ci-cd-module/global/addresses/ci-cd-module-lb-address",
            "ip_version": "",
            "name": "ci-cd-module-lb-address",
            "network": "",
            "prefix_length": 0,
            "project": "ci-cd-module",
            "purpose": "",
            "self_link": "https://www.googleapis.com/compute/v1/projects/ci-cd-module/global/addresses/ci-cd-module-lb-address",
            "timeouts": null
          },
          "sensitive_attributes": [],
          "private": "eyJlMmJmYjczMC1lY2FhLTExZTYtOGY4OC0zNDM2M2JjN2M0YzAiOnsiY3JlYXRlIjoyNDAwMDAwMDAwMDAsImRlbGV0ZSI6MjQwMDAwMDAwMDAwfX0="
        }
      ]
    },
    {
      "module": "module.lb.module.lb",
      "mode": "managed",
      "type": "google_compute_global_forwarding_rule",
      "name": "http",
      "provider": "module.lb.provider[\"registry.terraform.io/hashicorp/google-beta\"]",
      "instances": [
        {
          "index_key": 0,
          "schema_version": 0,
          "attributes": {
            "description": "",
            "id": "projects/ci-cd-module/global/forwardingRules/ci-cd-module-lb-http-rule",
            "ip_address": "34.117.15.44",
            "ip_protocol": "TCP",
            "ip_version": "",
            "label_fingerprint": "42WmSpB8rSM=",
            "labels": null,
            "load_balancing_scheme": "EXTERNAL",
            "metadata_filters": [],
            "name": "ci-cd-module-lb-http-rule",
            "network": "",
            "port_range": "80-80",
            "project": "ci-cd-module",
            "self_link": "https://www.googleapis.com/compute/v1/projects/ci-cd-module/global/forwardingRules/ci-cd-module-lb-http-rule",
            "target": "https://www.googleapis.com/compute/beta/projects/ci-cd-module/global/targetHttpProxies/ci-cd-module-lb-http-proxy",
            "timeouts": null
          },
          "sensitive_attributes": [],
          "private": "eyJlMmJmYjczMC1lY2FhLTExZTYtOGY4OC0zNDM2M2JjN2M0YzAiOnsiY3JlYXRlIjoyNDAwMDAwMDAwMDAsImRlbGV0ZSI6MjQwMDAwMDAwMDAwLCJ1cGRhdGUiOjI0MDAwMDAwMDAwMH19",
          "dependencies": [
            "module.lb.google_compute_backend_bucket.static",
            "module.lb.google_compute_backend_service.api",
            "module.lb.google_compute_health_check.default",
            "module.lb.google_compute_instance.api",
            "module.lb.google_compute_instance_group.api",
            "module.lb.google_compute_url_map.urlmap",
            "module.lb.google_storage_bucket.static",
            "module.lb.module.lb.google_compute_global_address.default",
            "module.lb.module.lb.google_compute_target_http_proxy.http"
          ]
        }
      ]
    },
    {
      "module": "module.lb.module.lb",
      "mode": "managed",
      "type": "google_compute_target_http_proxy",
      "name": "http",
      "provider": "module.lb.provider[\"registry.terraform.io/hashicorp/google\"]",
      "instances": [
        {
          "index_key": 0,
          "schema_version": 0,
          "attributes": {
            "creation_timestamp": "2021-04-06T12:42:01.190-07:00",
            "description": "",
            "id": "projects/ci-cd-module/global/targetHttpProxies/ci-cd-module-lb-http-proxy",
            "name": "ci-cd-module-lb-http-proxy",
            "project": "ci-cd-module",
            "proxy_id": 7161965927578273638,
            "self_link": "https://www.googleapis.com/compute/v1/projects/ci-cd-module/global/targetHttpProxies/ci-cd-module-lb-http-proxy",
            "timeouts": null,
            "url_map": "https://www.googleapis.com/compute/v1/projects/ci-cd-module/global/urlMaps/ci-cd-module-lb-url-map"
          },
          "sensitive_attributes": [],
          "private": "eyJlMmJmYjczMC1lY2FhLTExZTYtOGY4OC0zNDM2M2JjN2M0YzAiOnsiY3JlYXRlIjoyNDAwMDAwMDAwMDAsImRlbGV0ZSI6MjQwMDAwMDAwMDAwLCJ1cGRhdGUiOjI0MDAwMDAwMDAwMH19",
          "dependencies": [
            "module.lb.google_compute_backend_bucket.static",
            "module.lb.google_compute_backend_service.api",
            "module.lb.google_compute_health_check.default",
            "module.lb.google_compute_instance.api",
            "module.lb.google_compute_instance_group.api",
            "module.lb.google_compute_url_map.urlmap",
            "module.lb.google_storage_bucket.static"
          ]
        }
      ]
    }
  ]
}
